
Microsoft Visual Studio Solution File, Format Version 12.00
# Visual Studio Version 17
VisualStudioVersion = 17.5.33502.453
MinimumVisualStudioVersion = 10.0.40219.1
Project("{FAE04EC0-301F-11D3-BF4B-00C04F79EFBC}") = "The War Room_PROTOTYPE", "TicTacToe\The War Room_PROTOTYPE.csproj", "{3063E152-6308-43B9-A326-50C9ECAEE620}"
EndProject
Project("{9A19103F-16F7-4668-BE54-9A1E7A4F7556}") = "THE WAR ROOM", "The WarRoom\THE WAR ROOM.csproj", "{E33551F5-78DB-4FEB-A72F-58F52EC4CDBF}"
EndProject
Project("{2150E333-8FDC-42A3-9474-1A3956D46DE8}") = "INSTALLERS", "INSTALLERS", "{47B8504B-2548-48A9-9E3E-5DD43C17E9E7}"
	ProjectSection(SolutionItems) = preProject
		INSTALLERS\Microsoft.Win32.SystemEvents.dll = INSTALLERS\Microsoft.Win32.SystemEvents.dll
		INSTALLERS\System.Drawing.Common.dll = INSTALLERS\System.Drawing.Common.dll
		INSTALLERS\THE WAR ROOM.deps.json = INSTALLERS\THE WAR ROOM.deps.json
		INSTALLERS\THE WAR ROOM.dll = INSTALLERS\THE WAR ROOM.dll
		INSTALLERS\THE WAR ROOM.exe = INSTALLERS\THE WAR ROOM.exe
		INSTALLERS\THE WAR ROOM.pdb = INSTALLERS\THE WAR ROOM.pdb
		INSTALLERS\THE WAR ROOM.runtimeconfig.json = INSTALLERS\THE WAR ROOM.runtimeconfig.json
	EndProjectSection
EndProject
Global
	GlobalSection(SolutionConfigurationPlatforms) = preSolution
		Debug|Any CPU = Debug|Any CPU
		Release|Any CPU = Release|Any CPU
	EndGlobalSection
	GlobalSection(ProjectConfigurationPlatforms) = postSolution
		{3063E152-6308-43B9-A326-50C9ECAEE620}.Debug|Any CPU.ActiveCfg = Debug|Any CPU
		{3063E152-6308-43B9-A326-50C9ECAEE620}.Debug|Any CPU.Build.0 = Debug|Any CPU
		{3063E152-6308-43B9-A326-50C9ECAEE620}.Release|Any CPU.ActiveCfg = Release|Any CPU
		{3063E152-6308-43B9-A326-50C9ECAEE620}.Release|Any CPU.Build.0 = Release|Any CPU
		{E33551F5-78DB-4FEB-A72F-58F52EC4CDBF}.Debug|Any CPU.ActiveCfg = Debug|Any CPU
		{E33551F5-78DB-4FEB-A72F-58F52EC4CDBF}.Debug|Any CPU.Build.0 = Debug|Any CPU
		{E33551F5-78DB-4FEB-A72F-58F52EC4CDBF}.Release|Any CPU.ActiveCfg = Release|Any CPU
		{E33551F5-78DB-4FEB-A72F-58F52EC4CDBF}.Release|Any CPU.Build.0 = Release|Any CPU
	EndGlobalSection
	GlobalSection(SolutionProperties) = preSolution
		HideSolutionNode = FALSE
	EndGlobalSection
	GlobalSection(ExtensibilityGlobals) = postSolution
		SolutionGuid = {B4C3C81F-089D-4498-BED7-29800F4D2281}
	EndGlobalSection
EndGlobal
